
Microsoft Visual Studio Solution File, Format Version 12.00
# Visual Studio Version 16
VisualStudioVersion = 16.0.30621.155
MinimumVisualStudioVersion = 10.0.40219.1
Project("{FAE04EC0-301F-11D3-BF4B-00C04F79EFBC}") = "WizLib", "WizLib\WizLib.csproj", "{C50EAADE-DA72-46DE-A1E8-6C510D474054}"
EndProject
Project("{FAE04EC0-301F-11D3-BF4B-00C04F79EFBC}") = "WizLib_DataAccess", "WizLib_DataAccess\WizLib_DataAccess.csproj", "{2FF17DD8-5CD9-4859-9F53-EA2437FD043B}"
EndProject
Project("{FAE04EC0-301F-11D3-BF4B-00C04F79EFBC}") = "WizLib_Model", "WizLib_Model\WizLib_Model.csproj", "{1FD775C6-4548-4D9B-8429-EC997B251D62}"
EndProject
Global
	GlobalSection(SolutionConfigurationPlatforms) = preSolution
		Debug|Any CPU = Debug|Any CPU
		Release|Any CPU = Release|Any CPU
	EndGlobalSection
	GlobalSection(ProjectConfigurationPlatforms) = postSolution
		{C50EAADE-DA72-46DE-A1E8-6C510D474054}.Debug|Any CPU.ActiveCfg = Debug|Any CPU
		{C50EAADE-DA72-46DE-A1E8-6C510D474054}.Debug|Any CPU.Build.0 = Debug|Any CPU
		{C50EAADE-DA72-46DE-A1E8-6C510D474054}.Release|Any CPU.ActiveCfg = Release|Any CPU
		{C50EAADE-DA72-46DE-A1E8-6C510D474054}.Release|Any CPU.Build.0 = Release|Any CPU
		{2FF17DD8-5CD9-4859-9F53-EA2437FD043B}.Debug|Any CPU.ActiveCfg = Debug|Any CPU
		{2FF17DD8-5CD9-4859-9F53-EA2437FD043B}.Debug|Any CPU.Build.0 = Debug|Any CPU
		{2FF17DD8-5CD9-4859-9F53-EA2437FD043B}.Release|Any CPU.ActiveCfg = Release|Any CPU
		{2FF17DD8-5CD9-4859-9F53-EA2437FD043B}.Release|Any CPU.Build.0 = Release|Any CPU
		{1FD775C6-4548-4D9B-8429-EC997B251D62}.Debug|Any CPU.ActiveCfg = Debug|Any CPU
		{1FD775C6-4548-4D9B-8429-EC997B251D62}.Debug|Any CPU.Build.0 = Debug|Any CPU
		{1FD775C6-4548-4D9B-8429-EC997B251D62}.Release|Any CPU.ActiveCfg = Release|Any CPU
		{1FD775C6-4548-4D9B-8429-EC997B251D62}.Release|Any CPU.Build.0 = Release|Any CPU
	EndGlobalSection
	GlobalSection(SolutionProperties) = preSolution
		HideSolutionNode = FALSE
	EndGlobalSection
	GlobalSection(ExtensibilityGlobals) = postSolution
		SolutionGuid = {FF64546C-B724-4A1E-8DE0-E4660158615F}
	EndGlobalSection
EndGlobal
